
Microsoft Visual Studio Solution File, Format Version 12.00
# Visual Studio Version 17
VisualStudioVersion = 17.7.34009.444
MinimumVisualStudioVersion = 10.0.40219.1
Project("{FAE04EC0-301F-11D3-BF4B-00C04F79EFBC}") = "parcial", "parcial\parcial.csproj", "{72BCA62B-A661-4B1E-A26E-121F918675B8}"
EndProject
Project("{FAE04EC0-301F-11D3-BF4B-00C04F79EFBC}") = "modelo", "modelo\modelo.csproj", "{7752B77B-7AE1-476F-B753-CF177F176FB9}"
EndProject
Project("{FAE04EC0-301F-11D3-BF4B-00C04F79EFBC}") = "data", "data\data.csproj", "{FF2FA3C5-2101-4CDC-95F6-4FAF0F6A4D46}"
EndProject
Global
	GlobalSection(SolutionConfigurationPlatforms) = preSolution
		Debug|Any CPU = Debug|Any CPU
		Release|Any CPU = Release|Any CPU
	EndGlobalSection
	GlobalSection(ProjectConfigurationPlatforms) = postSolution
		{72BCA62B-A661-4B1E-A26E-121F918675B8}.Debug|Any CPU.ActiveCfg = Debug|Any CPU
		{72BCA62B-A661-4B1E-A26E-121F918675B8}.Debug|Any CPU.Build.0 = Debug|Any CPU
		{72BCA62B-A661-4B1E-A26E-121F918675B8}.Release|Any CPU.ActiveCfg = Release|Any CPU
		{72BCA62B-A661-4B1E-A26E-121F918675B8}.Release|Any CPU.Build.0 = Release|Any CPU
		{7752B77B-7AE1-476F-B753-CF177F176FB9}.Debug|Any CPU.ActiveCfg = Debug|Any CPU
		{7752B77B-7AE1-476F-B753-CF177F176FB9}.Debug|Any CPU.Build.0 = Debug|Any CPU
		{7752B77B-7AE1-476F-B753-CF177F176FB9}.Release|Any CPU.ActiveCfg = Release|Any CPU
		{7752B77B-7AE1-476F-B753-CF177F176FB9}.Release|Any CPU.Build.0 = Release|Any CPU
		{FF2FA3C5-2101-4CDC-95F6-4FAF0F6A4D46}.Debug|Any CPU.ActiveCfg = Debug|Any CPU
		{FF2FA3C5-2101-4CDC-95F6-4FAF0F6A4D46}.Debug|Any CPU.Build.0 = Debug|Any CPU
		{FF2FA3C5-2101-4CDC-95F6-4FAF0F6A4D46}.Release|Any CPU.ActiveCfg = Release|Any CPU
		{FF2FA3C5-2101-4CDC-95F6-4FAF0F6A4D46}.Release|Any CPU.Build.0 = Release|Any CPU
	EndGlobalSection
	GlobalSection(SolutionProperties) = preSolution
		HideSolutionNode = FALSE
	EndGlobalSection
	GlobalSection(ExtensibilityGlobals) = postSolution
		SolutionGuid = {29940A36-3368-4353-A204-3E77DC581FE5}
	EndGlobalSection
EndGlobal
